// !$*UTF8*$!
{
	archiveVersion = 1;
	classes = {
	};
	objectVersion = 51;
	objects = {

/* Begin PBXBuildFile section */
		6F0CE3DB227F4FEA0012F88B /* AddGroupController.swift in Sources */ = {isa = PBXBuildFile; fileRef = 6F0CE3DA227F4FEA0012F88B /* AddGroupController.swift */; };
		6F0CE3DD227F75A00012F88B /* AddFriendController.swift in Sources */ = {isa = PBXBuildFile; fileRef = 6F0CE3DC227F75A00012F88B /* AddFriendController.swift */; };
		6F2945B5229A7BE9009D16AC /* Group.swift in Sources */ = {isa = PBXBuildFile; fileRef = 6F2945B4229A7BE9009D16AC /* Group.swift */; };
		6F2945B8229C7D88009D16AC /* NetworkingService.swift in Sources */ = {isa = PBXBuildFile; fileRef = 6F2945B7229C7D88009D16AC /* NetworkingService.swift */; };
		6F40249422534A3A00866E42 /* AppDelegate.swift in Sources */ = {isa = PBXBuildFile; fileRef = 6F40249322534A3A00866E42 /* AppDelegate.swift */; };
		6F40249622534A3A00866E42 /* LoginViewController.swift in Sources */ = {isa = PBXBuildFile; fileRef = 6F40249522534A3A00866E42 /* LoginViewController.swift */; };
		6F40249922534A3A00866E42 /* Main.storyboard in Resources */ = {isa = PBXBuildFile; fileRef = 6F40249722534A3A00866E42 /* Main.storyboard */; };
		6F40249B22534A3B00866E42 /* Assets.xcassets in Resources */ = {isa = PBXBuildFile; fileRef = 6F40249A22534A3B00866E42 /* Assets.xcassets */; };
		6F40249E22534A3B00866E42 /* LaunchScreen.storyboard in Resources */ = {isa = PBXBuildFile; fileRef = 6F40249C22534A3B00866E42 /* LaunchScreen.storyboard */; };
		6F786DCE2284489700CC8B0B /* FotoController.swift in Sources */ = {isa = PBXBuildFile; fileRef = 6F786DCD2284489700CC8B0B /* FotoController.swift */; };
		6F786DD02284491200CC8B0B /* NewsController.swift in Sources */ = {isa = PBXBuildFile; fileRef = 6F786DCF2284491200CC8B0B /* NewsController.swift */; };
		6F94D5032263BC61001EE886 /* TabBarController.swift in Sources */ = {isa = PBXBuildFile; fileRef = 6F94D5022263BC61001EE886 /* TabBarController.swift */; };
		6F94D5072263C051001EE886 /* FriendsController.swift in Sources */ = {isa = PBXBuildFile; fileRef = 6F94D5062263C051001EE886 /* FriendsController.swift */; };
		6F94D5092263C85B001EE886 /* GroupController.swift in Sources */ = {isa = PBXBuildFile; fileRef = 6F94D5082263C85B001EE886 /* GroupController.swift */; };
		6FE165D822A018D800124DAF /* VKLogin.swift in Sources */ = {isa = PBXBuildFile; fileRef = 6FE165D722A018D800124DAF /* VKLogin.swift */; };
		6FE165DC22A0241E00124DAF /* VKLoginController.swift in Sources */ = {isa = PBXBuildFile; fileRef = 6FE165DB22A0241E00124DAF /* VKLoginController.swift */; };
		6FE165DF22A534D000124DAF /* WebKit.framework in Frameworks */ = {isa = PBXBuildFile; fileRef = 6FE165DE22A534D000124DAF /* WebKit.framework */; };
		6FE811A4228830D00000F3EE /* GroupCell.swift in Sources */ = {isa = PBXBuildFile; fileRef = 6FE811A3228830D00000F3EE /* GroupCell.swift */; };
		A316E9A0F5CD6FDE2BE5E927 /* Pods_VK.framework in Frameworks */ = {isa = PBXBuildFile; fileRef = AF2183754654EF81AD54D77A /* Pods_VK.framework */; };
/* End PBXBuildFile section */

/* Begin PBXFileReference section */
		02A691DEA7D872B7156D009D /* Pods-VK.debug.xcconfig */ = {isa = PBXFileReference; includeInIndex = 1; lastKnownFileType = text.xcconfig; name = "Pods-VK.debug.xcconfig"; path = "Target Support Files/Pods-VK/Pods-VK.debug.xcconfig"; sourceTree = "<group>"; };
		054C9A1DCB99876A8957FD89 /* Pods-VK.release.xcconfig */ = {isa = PBXFileReference; includeInIndex = 1; lastKnownFileType = text.xcconfig; name = "Pods-VK.release.xcconfig"; path = "Target Support Files/Pods-VK/Pods-VK.release.xcconfig"; sourceTree = "<group>"; };
		6F0CE3DA227F4FEA0012F88B /* AddGroupController.swift */ = {isa = PBXFileReference; lastKnownFileType = sourcecode.swift; path = AddGroupController.swift; sourceTree = "<group>"; };
		6F0CE3DC227F75A00012F88B /* AddFriendController.swift */ = {isa = PBXFileReference; lastKnownFileType = sourcecode.swift; path = AddFriendController.swift; sourceTree = "<group>"; };
		6F2945B4229A7BE9009D16AC /* Group.swift */ = {isa = PBXFileReference; lastKnownFileType = sourcecode.swift; path = Group.swift; sourceTree = "<group>"; };
		6F2945B7229C7D88009D16AC /* NetworkingService.swift */ = {isa = PBXFileReference; lastKnownFileType = sourcecode.swift; path = NetworkingService.swift; sourceTree = "<group>"; };
		6F40249022534A3A00866E42 /* VK.app */ = {isa = PBXFileReference; explicitFileType = wrapper.application; includeInIndex = 0; path = VK.app; sourceTree = BUILT_PRODUCTS_DIR; };
		6F40249322534A3A00866E42 /* AppDelegate.swift */ = {isa = PBXFileReference; lastKnownFileType = sourcecode.swift; path = AppDelegate.swift; sourceTree = "<group>"; };
		6F40249522534A3A00866E42 /* LoginViewController.swift */ = {isa = PBXFileReference; lastKnownFileType = sourcecode.swift; path = LoginViewController.swift; sourceTree = "<group>"; };
		6F40249822534A3A00866E42 /* Base */ = {isa = PBXFileReference; lastKnownFileType = file.storyboard; name = Base; path = Base.lproj/Main.storyboard; sourceTree = "<group>"; };
		6F40249A22534A3B00866E42 /* Assets.xcassets */ = {isa = PBXFileReference; lastKnownFileType = folder.assetcatalog; path = Assets.xcassets; sourceTree = "<group>"; };
		6F40249D22534A3B00866E42 /* Base */ = {isa = PBXFileReference; lastKnownFileType = file.storyboard; name = Base; path = Base.lproj/LaunchScreen.storyboard; sourceTree = "<group>"; };
		6F40249F22534A3B00866E42 /* Info.plist */ = {isa = PBXFileReference; lastKnownFileType = text.plist.xml; path = Info.plist; sourceTree = "<group>"; };
		6F786DCD2284489700CC8B0B /* FotoController.swift */ = {isa = PBXFileReference; lastKnownFileType = sourcecode.swift; name = FotoController.swift; path = VK/Controllers/FotoController.swift; sourceTree = SOURCE_ROOT; };
		6F786DCF2284491200CC8B0B /* NewsController.swift */ = {isa = PBXFileReference; lastKnownFileType = sourcecode.swift; path = NewsController.swift; sourceTree = "<group>"; };
		6F94D5022263BC61001EE886 /* TabBarController.swift */ = {isa = PBXFileReference; lastKnownFileType = sourcecode.swift; path = TabBarController.swift; sourceTree = "<group>"; };
		6F94D5062263C051001EE886 /* FriendsController.swift */ = {isa = PBXFileReference; lastKnownFileType = sourcecode.swift; path = FriendsController.swift; sourceTree = "<group>"; };
		6F94D5082263C85B001EE886 /* GroupController.swift */ = {isa = PBXFileReference; lastKnownFileType = sourcecode.swift; path = GroupController.swift; sourceTree = "<group>"; };
		6FE165D722A018D800124DAF /* VKLogin.swift */ = {isa = PBXFileReference; lastKnownFileType = sourcecode.swift; path = VKLogin.swift; sourceTree = "<group>"; };
		6FE165DB22A0241E00124DAF /* VKLoginController.swift */ = {isa = PBXFileReference; lastKnownFileType = sourcecode.swift; path = VKLoginController.swift; sourceTree = "<group>"; };
		6FE165DE22A534D000124DAF /* WebKit.framework */ = {isa = PBXFileReference; lastKnownFileType = wrapper.framework; name = WebKit.framework; path = System/Library/Frameworks/WebKit.framework; sourceTree = SDKROOT; };
		6FE811A3228830D00000F3EE /* GroupCell.swift */ = {isa = PBXFileReference; lastKnownFileType = sourcecode.swift; path = GroupCell.swift; sourceTree = "<group>"; };
		AF2183754654EF81AD54D77A /* Pods_VK.framework */ = {isa = PBXFileReference; explicitFileType = wrapper.framework; includeInIndex = 0; path = Pods_VK.framework; sourceTree = BUILT_PRODUCTS_DIR; };
/* End PBXFileReference section */

/* Begin PBXFrameworksBuildPhase section */
		6F40248D22534A3A00866E42 /* Frameworks */ = {
			isa = PBXFrameworksBuildPhase;
			buildActionMask = 2147483647;
			files = (
				6FE165DF22A534D000124DAF /* WebKit.framework in Frameworks */,
				A316E9A0F5CD6FDE2BE5E927 /* Pods_VK.framework in Frameworks */,
			);
			runOnlyForDeploymentPostprocessing = 0;
		};
/* End PBXFrameworksBuildPhase section */

/* Begin PBXGroup section */
		4F028EB53B44C276C19AFEA2 /* Pods */ = {
			isa = PBXGroup;
			children = (
				02A691DEA7D872B7156D009D /* Pods-VK.debug.xcconfig */,
				054C9A1DCB99876A8957FD89 /* Pods-VK.release.xcconfig */,
			);
			path = Pods;
			sourceTree = "<group>";
		};
		6F0CE3D92279ED240012F88B /* storyboard */ = {
			isa = PBXGroup;
			children = (
				6F40249A22534A3B00866E42 /* Assets.xcassets */,
				6F40249C22534A3B00866E42 /* LaunchScreen.storyboard */,
				6F40249722534A3A00866E42 /* Main.storyboard */,
				6FE165D722A018D800124DAF /* VKLogin.swift */,
			);
			path = storyboard;
			sourceTree = "<group>";
		};
		6F2945B6229ABB52009D16AC /* Group */ = {
			isa = PBXGroup;
			children = (
				6FE811A3228830D00000F3EE /* GroupCell.swift */,
				6F94D5082263C85B001EE886 /* GroupController.swift */,
				6F0CE3DA227F4FEA0012F88B /* AddGroupController.swift */,
			);
			path = Group;
			sourceTree = "<group>";
		};
		6F40248722534A3A00866E42 = {
			isa = PBXGroup;
			children = (
				6F2945B7229C7D88009D16AC /* NetworkingService.swift */,
				6F40249222534A3A00866E42 /* VK */,
				6F40249122534A3A00866E42 /* Products */,
				4F028EB53B44C276C19AFEA2 /* Pods */,
				BD6EB3435FEE32CEA3FA92F5 /* Frameworks */,
			);
			sourceTree = "<group>";
		};
		6F40249122534A3A00866E42 /* Products */ = {
			isa = PBXGroup;
			children = (
				6F40249022534A3A00866E42 /* VK.app */,
			);
			name = Products;
			sourceTree = "<group>";
		};
		6F40249222534A3A00866E42 /* VK */ = {
			isa = PBXGroup;
			children = (
				6F40249322534A3A00866E42 /* AppDelegate.swift */,
				6FE165DD22A0272100124DAF /* Controllers */,
				6F0CE3D92279ED240012F88B /* storyboard */,
				6F2945B6229ABB52009D16AC /* Group */,
				6F2945B4229A7BE9009D16AC /* Group.swift */,
				6F786DCF2284491200CC8B0B /* NewsController.swift */,
				6F94D5062263C051001EE886 /* FriendsController.swift */,
				6F0CE3DC227F75A00012F88B /* AddFriendController.swift */,
				6F94D5022263BC61001EE886 /* TabBarController.swift */,
				6F40249F22534A3B00866E42 /* Info.plist */,
			);
			path = VK;
			sourceTree = "<group>";
		};
		6FE165DD22A0272100124DAF /* Controllers */ = {
			isa = PBXGroup;
			children = (
				6F786DCD2284489700CC8B0B /* FotoController.swift */,
				6FE165DB22A0241E00124DAF /* VKLoginController.swift */,
				6F40249522534A3A00866E42 /* LoginViewController.swift */,
			);
			path = Controllers;
			sourceTree = "<group>";
		};
		BD6EB3435FEE32CEA3FA92F5 /* Frameworks */ = {
			isa = PBXGroup;
			children = (
				6FE165DE22A534D000124DAF /* WebKit.framework */,
				AF2183754654EF81AD54D77A /* Pods_VK.framework */,
			);
			name = Frameworks;
			sourceTree = "<group>";
		};
/* End PBXGroup section */

/* Begin PBXNativeTarget section */
		6F40248F22534A3A00866E42 /* VK */ = {
			isa = PBXNativeTarget;
			buildConfigurationList = 6F4024A222534A3B00866E42 /* Build configuration list for PBXNativeTarget "VK" */;
			buildPhases = (
				B0A0C4F8BB8946216111628F /* [CP] Check Pods Manifest.lock */,
				6F40248C22534A3A00866E42 /* Sources */,
				6F40248D22534A3A00866E42 /* Frameworks */,
				6F40248E22534A3A00866E42 /* Resources */,
				528E01DAC1D570FE9C089008 /* [CP] Embed Pods Frameworks */,
			);
			buildRules = (
			);
			dependencies = (
			);
			name = VK;
			productName = VK;
			productReference = 6F40249022534A3A00866E42 /* VK.app */;
			productType = "com.apple.product-type.application";
		};
/* End PBXNativeTarget section */

/* Begin PBXProject section */
		6F40248822534A3A00866E42 /* Project object */ = {
			isa = PBXProject;
			attributes = {
				LastSwiftUpdateCheck = 1020;
				LastUpgradeCheck = 1020;
				ORGANIZATIONNAME = "Иван Пуриков";
				TargetAttributes = {
					6F40248F22534A3A00866E42 = {
						CreatedOnToolsVersion = 10.2;
					};
				};
			};
			buildConfigurationList = 6F40248B22534A3A00866E42 /* Build configuration list for PBXProject "VK" */;
			compatibilityVersion = "Xcode 10.0";
			developmentRegion = en;
			hasScannedForEncodings = 0;
			knownRegions = (
				en,
				Base,
			);
			mainGroup = 6F40248722534A3A00866E42;
			productRefGroup = 6F40249122534A3A00866E42 /* Products */;
			projectDirPath = "";
			projectRoot = "";
			targets = (
				6F40248F22534A3A00866E42 /* VK */,
			);
		};
/* End PBXProject section */

/* Begin PBXResourcesBuildPhase section */
		6F40248E22534A3A00866E42 /* Resources */ = {
			isa = PBXResourcesBuildPhase;
			buildActionMask = 2147483647;
			files = (
				6F40249E22534A3B00866E42 /* LaunchScreen.storyboard in Resources */,
				6F40249B22534A3B00866E42 /* Assets.xcassets in Resources */,
				6F40249922534A3A00866E42 /* Main.storyboard in Resources */,
			);
			runOnlyForDeploymentPostprocessing = 0;
		};
/* End PBXResourcesBuildPhase section */

/* Begin PBXShellScriptBuildPhase section */
		528E01DAC1D570FE9C089008 /* [CP] Embed Pods Frameworks */ = {
			isa = PBXShellScriptBuildPhase;
			buildActionMask = 2147483647;
			files = (
			);
			inputFileListPaths = (
				"${PODS_ROOT}/Target Support Files/Pods-VK/Pods-VK-frameworks-${CONFIGURATION}-input-files.xcfilelist",
			);
			name = "[CP] Embed Pods Frameworks";
			outputFileListPaths = (
				"${PODS_ROOT}/Target Support Files/Pods-VK/Pods-VK-frameworks-${CONFIGURATION}-output-files.xcfilelist",
			);
			runOnlyForDeploymentPostprocessing = 0;
			shellPath = /bin/sh;
			shellScript = "\"${PODS_ROOT}/Target Support Files/Pods-VK/Pods-VK-frameworks.sh\"\n";
			showEnvVarsInLog = 0;
		};
		B0A0C4F8BB8946216111628F /* [CP] Check Pods Manifest.lock */ = {
			isa = PBXShellScriptBuildPhase;
			buildActionMask = 2147483647;
			files = (
			);
			inputFileListPaths = (
			);
			inputPaths = (
				"${PODS_PODFILE_DIR_PATH}/Podfile.lock",
				"${PODS_ROOT}/Manifest.lock",
			);
			name = "[CP] Check Pods Manifest.lock";
			outputFileListPaths = (
			);
			outputPaths = (
				"$(DERIVED_FILE_DIR)/Pods-VK-checkManifestLockResult.txt",
			);
			runOnlyForDeploymentPostprocessing = 0;
			shellPath = /bin/sh;
			shellScript = "diff \"${PODS_PODFILE_DIR_PATH}/Podfile.lock\" \"${PODS_ROOT}/Manifest.lock\" > /dev/null\nif [ $? != 0 ] ; then\n    # print error to STDERR\n    echo \"error: The sandbox is not in sync with the Podfile.lock. Run 'pod install' or update your CocoaPods installation.\" >&2\n    exit 1\nfi\n# This output is used by Xcode 'outputs' to avoid re-running this script phase.\necho \"SUCCESS\" > \"${SCRIPT_OUTPUT_FILE_0}\"\n";
			showEnvVarsInLog = 0;
		};
/* End PBXShellScriptBuildPhase section */

/* Begin PBXSourcesBuildPhase section */
		6F40248C22534A3A00866E42 /* Sources */ = {
			isa = PBXSourcesBuildPhase;
			buildActionMask = 2147483647;
			files = (
				6F2945B5229A7BE9009D16AC /* Group.swift in Sources */,
				6F94D5032263BC61001EE886 /* TabBarController.swift in Sources */,
				6F0CE3DD227F75A00012F88B /* AddFriendController.swift in Sources */,
				6F2945B8229C7D88009D16AC /* NetworkingService.swift in Sources */,
				6F94D5072263C051001EE886 /* FriendsController.swift in Sources */,
				6F40249622534A3A00866E42 /* LoginViewController.swift in Sources */,
				6F0CE3DB227F4FEA0012F88B /* AddGroupController.swift in Sources */,
				6FE811A4228830D00000F3EE /* GroupCell.swift in Sources */,
				6F40249422534A3A00866E42 /* AppDelegate.swift in Sources */,
				6F786DD02284491200CC8B0B /* NewsController.swift in Sources */,
				6F786DCE2284489700CC8B0B /* FotoController.swift in Sources */,
				6FE165D822A018D800124DAF /* VKLogin.swift in Sources */,
				6FE165DC22A0241E00124DAF /* VKLoginController.swift in Sources */,
				6F94D5092263C85B001EE886 /* GroupController.swift in Sources */,
			);
			runOnlyForDeploymentPostprocessing = 0;
		};
/* End PBXSourcesBuildPhase section */

/* Begin PBXVariantGroup section */
		6F40249722534A3A00866E42 /* Main.storyboard */ = {
			isa = PBXVariantGroup;
			children = (
				6F40249822534A3A00866E42 /* Base */,
			);
			name = Main.storyboard;
			sourceTree = "<group>";
		};
		6F40249C22534A3B00866E42 /* LaunchScreen.storyboard */ = {
			isa = PBXVariantGroup;
			children = (
				6F40249D22534A3B00866E42 /* Base */,
			);
			name = LaunchScreen.storyboard;
			sourceTree = "<group>";
		};
/* End PBXVariantGroup section */

/* Begin XCBuildConfiguration section */
		6F4024A022534A3B00866E42 /* Debug */ = {
			isa = XCBuildConfiguration;
			buildSettings = {
				ALWAYS_SEARCH_USER_PATHS = NO;
				CLANG_ANALYZER_NONNULL = YES;
				CLANG_ANALYZER_NUMBER_OBJECT_CONVERSION = YES_AGGRESSIVE;
				CLANG_CXX_LANGUAGE_STANDARD = "gnu++14";
				CLANG_CXX_LIBRARY = "libc++";
				CLANG_ENABLE_MODULES = YES;
				CLANG_ENABLE_OBJC_ARC = YES;
				CLANG_ENABLE_OBJC_WEAK = YES;
				CLANG_WARN_BLOCK_CAPTURE_AUTORELEASING = YES;
				CLANG_WARN_BOOL_CONVERSION = YES;
				CLANG_WARN_COMMA = YES;
				CLANG_WARN_CONSTANT_CONVERSION = YES;
				CLANG_WARN_DEPRECATED_OBJC_IMPLEMENTATIONS = YES;
				CLANG_WARN_DIRECT_OBJC_ISA_USAGE = YES_ERROR;
				CLANG_WARN_DOCUMENTATION_COMMENTS = YES;
				CLANG_WARN_EMPTY_BODY = YES;
				CLANG_WARN_ENUM_CONVERSION = YES;
				CLANG_WARN_INFINITE_RECURSION = YES;
				CLANG_WARN_INT_CONVERSION = YES;
				CLANG_WARN_NON_LITERAL_NULL_CONVERSION = YES;
				CLANG_WARN_OBJC_IMPLICIT_RETAIN_SELF = YES;
				CLANG_WARN_OBJC_LITERAL_CONVERSION = YES;
				CLANG_WARN_OBJC_ROOT_CLASS = YES_ERROR;
				CLANG_WARN_RANGE_LOOP_ANALYSIS = YES;
				CLANG_WARN_STRICT_PROTOTYPES = YES;
				CLANG_WARN_SUSPICIOUS_MOVE = YES;
				CLANG_WARN_UNGUARDED_AVAILABILITY = YES_AGGRESSIVE;
				CLANG_WARN_UNREACHABLE_CODE = YES;
				CLANG_WARN__DUPLICATE_METHOD_MATCH = YES;
				CODE_SIGN_IDENTITY = "iPhone Developer";
				COPY_PHASE_STRIP = NO;
				DEBUG_INFORMATION_FORMAT = dwarf;
				ENABLE_STRICT_OBJC_MSGSEND = YES;
				ENABLE_TESTABILITY = YES;
				GCC_C_LANGUAGE_STANDARD = gnu11;
				GCC_DYNAMIC_NO_PIC = NO;
				GCC_NO_COMMON_BLOCKS = YES;
				GCC_OPTIMIZATION_LEVEL = 0;
				GCC_PREPROCESSOR_DEFINITIONS = (
					"DEBUG=1",
					"$(inherited)",
				);
				GCC_WARN_64_TO_32_BIT_CONVERSION = YES;
				GCC_WARN_ABOUT_RETURN_TYPE = YES_ERROR;
				GCC_WARN_UNDECLARED_SELECTOR = YES;
				GCC_WARN_UNINITIALIZED_AUTOS = YES_AGGRESSIVE;
				GCC_WARN_UNUSED_FUNCTION = YES;
				GCC_WARN_UNUSED_VARIABLE = YES;
				IPHONEOS_DEPLOYMENT_TARGET = 12.2;
				MTL_ENABLE_DEBUG_INFO = INCLUDE_SOURCE;
				MTL_FAST_MATH = YES;
				ONLY_ACTIVE_ARCH = YES;
				SDKROOT = iphoneos;
				SWIFT_ACTIVE_COMPILATION_CONDITIONS = DEBUG;
				SWIFT_OPTIMIZATION_LEVEL = "-Onone";
			};
			name = Debug;
		};
		6F4024A122534A3B00866E42 /* Release */ = {
			isa = XCBuildConfiguration;
			buildSettings = {
				ALWAYS_SEARCH_USER_PATHS = NO;
				CLANG_ANALYZER_NONNULL = YES;
				CLANG_ANALYZER_NUMBER_OBJECT_CONVERSION = YES_AGGRESSIVE;
				CLANG_CXX_LANGUAGE_STANDARD = "gnu++14";
				CLANG_CXX_LIBRARY = "libc++";
				CLANG_ENABLE_MODULES = YES;
				CLANG_ENABLE_OBJC_ARC = YES;
				CLANG_ENABLE_OBJC_WEAK = YES;
				CLANG_WARN_BLOCK_CAPTURE_AUTORELEASING = YES;
				CLANG_WARN_BOOL_CONVERSION = YES;
				CLANG_WARN_COMMA = YES;
				CLANG_WARN_CONSTANT_CONVERSION = YES;
				CLANG_WARN_DEPRECATED_OBJC_IMPLEMENTATIONS = YES;
				CLANG_WARN_DIRECT_OBJC_ISA_USAGE = YES_ERROR;
				CLANG_WARN_DOCUMENTATION_COMMENTS = YES;
				CLANG_WARN_EMPTY_BODY = YES;
				CLANG_WARN_ENUM_CONVERSION = YES;
				CLANG_WARN_INFINITE_RECURSION = YES;
				CLANG_WARN_INT_CONVERSION = YES;
				CLANG_WARN_NON_LITERAL_NULL_CONVERSION = YES;
				CLANG_WARN_OBJC_IMPLICIT_RETAIN_SELF = YES;
				CLANG_WARN_OBJC_LITERAL_CONVERSION = YES;
				CLANG_WARN_OBJC_ROOT_CLASS = YES_ERROR;
				CLANG_WARN_RANGE_LOOP_ANALYSIS = YES;
				CLANG_WARN_STRICT_PROTOTYPES = YES;
				CLANG_WARN_SUSPICIOUS_MOVE = YES;
				CLANG_WARN_UNGUARDED_AVAILABILITY = YES_AGGRESSIVE;
				CLANG_WARN_UNREACHABLE_CODE = YES;
				CLANG_WARN__DUPLICATE_METHOD_MATCH = YES;
				CODE_SIGN_IDENTITY = "iPhone Developer";
				COPY_PHASE_STRIP = NO;
				DEBUG_INFORMATION_FORMAT = "dwarf-with-dsym";
				ENABLE_NS_ASSERTIONS = NO;
				ENABLE_STRICT_OBJC_MSGSEND = YES;
				GCC_C_LANGUAGE_STANDARD = gnu11;
				GCC_NO_COMMON_BLOCKS = YES;
				GCC_WARN_64_TO_32_BIT_CONVERSION = YES;
				GCC_WARN_ABOUT_RETURN_TYPE = YES_ERROR;
				GCC_WARN_UNDECLARED_SELECTOR = YES;
				GCC_WARN_UNINITIALIZED_AUTOS = YES_AGGRESSIVE;
				GCC_WARN_UNUSED_FUNCTION = YES;
				GCC_WARN_UNUSED_VARIABLE = YES;
				IPHONEOS_DEPLOYMENT_TARGET = 12.2;
				MTL_ENABLE_DEBUG_INFO = NO;
				MTL_FAST_MATH = YES;
				SDKROOT = iphoneos;
				SWIFT_COMPILATION_MODE = wholemodule;
				SWIFT_OPTIMIZATION_LEVEL = "-O";
				VALIDATE_PRODUCT = YES;
			};
			name = Release;
		};
		6F4024A322534A3B00866E42 /* Debug */ = {
			isa = XCBuildConfiguration;
			baseConfigurationReference = 02A691DEA7D872B7156D009D /* Pods-VK.debug.xcconfig */;
			buildSettings = {
				ASSETCATALOG_COMPILER_APPICON_NAME = AppIcon;
				CODE_SIGN_STYLE = Automatic;
				DEVELOPMENT_TEAM = WNV26P7XPH;
				INFOPLIST_FILE = VK/Info.plist;
				LD_RUNPATH_SEARCH_PATHS = (
					"$(inherited)",
					"@executable_path/Frameworks",
				);
				PRODUCT_BUNDLE_IDENTIFIER = com.company.VK;
				PRODUCT_NAME = "$(TARGET_NAME)";
				SWIFT_VERSION = 5.0;
				TARGETED_DEVICE_FAMILY = "1,2";
			};
			name = Debug;
		};
		6F4024A422534A3B00866E42 /* Release */ = {
			isa = XCBuildConfiguration;
			baseConfigurationReference = 054C9A1DCB99876A8957FD89 /* Pods-VK.release.xcconfig */;
			buildSettings = {
				ASSETCATALOG_COMPILER_APPICON_NAME = AppIcon;
				CODE_SIGN_STYLE = Automatic;
				DEVELOPMENT_TEAM = WNV26P7XPH;
				INFOPLIST_FILE = VK/Info.plist;
				LD_RUNPATH_SEARCH_PATHS = (
					"$(inherited)",
					"@executable_path/Frameworks",
				);
				PRODUCT_BUNDLE_IDENTIFIER = com.company.VK;
				PRODUCT_NAME = "$(TARGET_NAME)";
				SWIFT_VERSION = 5.0;
				TARGETED_DEVICE_FAMILY = "1,2";
			};
			name = Release;
		};
/* End XCBuildConfiguration section */

/* Begin XCConfigurationList section */
		6F40248B22534A3A00866E42 /* Build configuration list for PBXProject "VK" */ = {
			isa = XCConfigurationList;
			buildConfigurations = (
				6F4024A022534A3B00866E42 /* Debug */,
				6F4024A122534A3B00866E42 /* Release */,
			);
			defaultConfigurationIsVisible = 0;
			defaultConfigurationName = Release;
		};
		6F4024A222534A3B00866E42 /* Build configuration list for PBXNativeTarget "VK" */ = {
			isa = XCConfigurationList;
			buildConfigurations = (
				6F4024A322534A3B00866E42 /* Debug */,
				6F4024A422534A3B00866E42 /* Release */,
			);
			defaultConfigurationIsVisible = 0;
			defaultConfigurationName = Release;
		};
/* End XCConfigurationList section */
	};
	rootObject = 6F40248822534A3A00866E42 /* Project object */;
}
